// !$*UTF8*$!
{
	archiveVersion = 1;
	classes = {
	};
	objectVersion = 46;
	objects = {

/* Begin PBXBuildFile section */
		458945311D77131D007FC40A /* AppDelegate.swift in Sources */ = {isa = PBXBuildFile; fileRef = 458945301D77131D007FC40A /* AppDelegate.swift */; };
		458945331D77131D007FC40A /* ViewController.swift in Sources */ = {isa = PBXBuildFile; fileRef = 458945321D77131D007FC40A /* ViewController.swift */; };
		458945361D77131D007FC40A /* Main.storyboard in Resources */ = {isa = PBXBuildFile; fileRef = 458945341D77131D007FC40A /* Main.storyboard */; };
		458945381D77131D007FC40A /* Assets.xcassets in Resources */ = {isa = PBXBuildFile; fileRef = 458945371D77131D007FC40A /* Assets.xcassets */; };
		4589453B1D77131D007FC40A /* LaunchScreen.storyboard in Resources */ = {isa = PBXBuildFile; fileRef = 458945391D77131D007FC40A /* LaunchScreen.storyboard */; };
/* End PBXBuildFile section */

/* Begin PBXFileReference section */
		4589452D1D77131D007FC40A /* websocket-sample.app */ = {isa = PBXFileReference; explicitFileType = wrapper.application; includeInIndex = 0; path = "websocket-sample.app"; sourceTree = BUILT_PRODUCTS_DIR; };
		458945301D77131D007FC40A /* AppDelegate.swift */ = {isa = PBXFileReference; lastKnownFileType = sourcecode.swift; path = AppDelegate.swift; sourceTree = "<group>"; };
		458945321D77131D007FC40A /* ViewController.swift */ = {isa = PBXFileReference; lastKnownFileType = sourcecode.swift; path = ViewController.swift; sourceTree = "<group>"; };
		458945351D77131D007FC40A /* Base */ = {isa = PBXFileReference; lastKnownFileType = file.storyboard; name = Base; path = Base.lproj/Main.storyboard; sourceTree = "<group>"; };
		458945371D77131D007FC40A /* Assets.xcassets */ = {isa = PBXFileReference; lastKnownFileType = folder.assetcatalog; path = Assets.xcassets; sourceTree = "<group>"; };
		4589453A1D77131D007FC40A /* Base */ = {isa = PBXFileReference; lastKnownFileType = file.storyboard; name = Base; path = Base.lproj/LaunchScreen.storyboard; sourceTree = "<group>"; };
		4589453C1D77131D007FC40A /* Info.plist */ = {isa = PBXFileReference; lastKnownFileType = text.plist.xml; path = Info.plist; sourceTree = "<group>"; };
/* End PBXFileReference section */

/* Begin PBXFrameworksBuildPhase section */
		4589452A1D77131D007FC40A /* Frameworks */ = {
			isa = PBXFrameworksBuildPhase;
			buildActionMask = 2147483647;
			files = (
			);
			runOnlyForDeploymentPostprocessing = 0;
		};
/* End PBXFrameworksBuildPhase section */

/* Begin PBXGroup section */
		458945241D77131D007FC40A = {
			isa = PBXGroup;
			children = (
				4589452F1D77131D007FC40A /* websocket-sample */,
				4589452E1D77131D007FC40A /* Products */,
			);
			sourceTree = "<group>";
		};
		4589452E1D77131D007FC40A /* Products */ = {
			isa = PBXGroup;
			children = (
				4589452D1D77131D007FC40A /* websocket-sample.app */,
			);
			name = Products;
			sourceTree = "<group>";
		};
		4589452F1D77131D007FC40A /* websocket-sample */ = {
			isa = PBXGroup;
			children = (
				458945301D77131D007FC40A /* AppDelegate.swift */,
				458945321D77131D007FC40A /* ViewController.swift */,
				458945341D77131D007FC40A /* Main.storyboard */,
				458945371D77131D007FC40A /* Assets.xcassets */,
				458945391D77131D007FC40A /* LaunchScreen.storyboard */,
				4589453C1D77131D007FC40A /* Info.plist */,
			);
			path = "websocket-sample";
			sourceTree = "<group>";
		};
/* End PBXGroup section */

/* Begin PBXNativeTarget section */
		4589452C1D77131D007FC40A /* websocket-sample */ = {
			isa = PBXNativeTarget;
			buildConfigurationList = 4589453F1D77131D007FC40A /* Build configuration list for PBXNativeTarget "websocket-sample" */;
			buildPhases = (
				458945291D77131D007FC40A /* Sources */,
				4589452A1D77131D007FC40A /* Frameworks */,
				4589452B1D77131D007FC40A /* Resources */,
			);
			buildRules = (
			);
			dependencies = (
			);
			name = "websocket-sample";
			productName = "websocket-sample";
			productReference = 4589452D1D77131D007FC40A /* websocket-sample.app */;
			productType = "com.apple.product-type.application";
		};
/* End PBXNativeTarget section */

/* Begin PBXProject section */
		458945251D77131D007FC40A /* Project object */ = {
			isa = PBXProject;
			attributes = {
				LastSwiftUpdateCheck = 0730;
				LastUpgradeCheck = 0730;
				ORGANIZATIONNAME = zaru;
				TargetAttributes = {
					4589452C1D77131D007FC40A = {
						CreatedOnToolsVersion = 7.3.1;
					};
				};
			};
			buildConfigurationList = 458945281D77131D007FC40A /* Build configuration list for PBXProject "websocket-sample" */;
			compatibilityVersion = "Xcode 3.2";
			developmentRegion = English;
			hasScannedForEncodings = 0;
			knownRegions = (
				en,
				Base,
			);
			mainGroup = 458945241D77131D007FC40A;
			productRefGroup = 4589452E1D77131D007FC40A /* Products */;
			projectDirPath = "";
			projectRoot = "";
			targets = (
				4589452C1D77131D007FC40A /* websocket-sample */,
			);
		};
/* End PBXProject section */

/* Begin PBXResourcesBuildPhase section */
		4589452B1D77131D007FC40A /* Resources */ = {
			isa = PBXResourcesBuildPhase;
			buildActionMask = 2147483647;
			files = (
				4589453B1D77131D007FC40A /* LaunchScreen.storyboard in Resources */,
				458945381D77131D007FC40A /* Assets.xcassets in Resources */,
				458945361D77131D007FC40A /* Main.storyboard in Resources */,
			);
			runOnlyForDeploymentPostprocessing = 0;
		};
/* End PBXResourcesBuildPhase section */

/* Begin PBXSourcesBuildPhase section */
		458945291D77131D007FC40A /* Sources */ = {
			isa = PBXSourcesBuildPhase;
			buildActionMask = 2147483647;
			files = (
				458945331D77131D007FC40A /* ViewController.swift in Sources */,
				458945311D77131D007FC40A /* AppDelegate.swift in Sources */,
			);
			runOnlyForDeploymentPostprocessing = 0;
		};
/* End PBXSourcesBuildPhase section */

/* Begin PBXVariantGroup section */
		458945341D77131D007FC40A /* Main.storyboard */ = {
			isa = PBXVariantGroup;
			children = (
				458945351D77131D007FC40A /* Base */,
			);
			name = Main.storyboard;
			sourceTree = "<group>";
		};
		458945391D77131D007FC40A /* LaunchScreen.storyboard */ = {
			isa = PBXVariantGroup;
			children = (
				4589453A1D77131D007FC40A /* Base */,
			);
			name = LaunchScreen.storyboard;
			sourceTree = "<group>";
		};
/* End PBXVariantGroup section */

/* Begin XCBuildConfiguration section */
		4589453D1D77131D007FC40A /* Debug */ = {
			isa = XCBuildConfiguration;
			buildSettings = {
				ALWAYS_SEARCH_USER_PATHS = NO;
				CLANG_ANALYZER_NONNULL = YES;
				CLANG_CXX_LANGUAGE_STANDARD = "gnu++0x";
				CLANG_CXX_LIBRARY = "libc++";
				CLANG_ENABLE_MODULES = YES;
				CLANG_ENABLE_OBJC_ARC = YES;
				CLANG_WARN_BOOL_CONVERSION = YES;
				CLANG_WARN_CONSTANT_CONVERSION = YES;
				CLANG_WARN_DIRECT_OBJC_ISA_USAGE = YES_ERROR;
				CLANG_WARN_EMPTY_BODY = YES;
				CLANG_WARN_ENUM_CONVERSION = YES;
				CLANG_WARN_INT_CONVERSION = YES;
				CLANG_WARN_OBJC_ROOT_CLASS = YES_ERROR;
				CLANG_WARN_UNREACHABLE_CODE = YES;
				CLANG_WARN__DUPLICATE_METHOD_MATCH = YES;
				"CODE_SIGN_IDENTITY[sdk=iphoneos*]" = "iPhone Developer";
				COPY_PHASE_STRIP = NO;
				DEBUG_INFORMATION_FORMAT = dwarf;
				ENABLE_STRICT_OBJC_MSGSEND = YES;
				ENABLE_TESTABILITY = YES;
				GCC_C_LANGUAGE_STANDARD = gnu99;
				GCC_DYNAMIC_NO_PIC = NO;
				GCC_NO_COMMON_BLOCKS = YES;
				GCC_OPTIMIZATION_LEVEL = 0;
				GCC_PREPROCESSOR_DEFINITIONS = (
					"DEBUG=1",
					"$(inherited)",
				);
				GCC_WARN_64_TO_32_BIT_CONVERSION = YES;
				GCC_WARN_ABOUT_RETURN_TYPE = YES_ERROR;
				GCC_WARN_UNDECLARED_SELECTOR = YES;
				GCC_WARN_UNINITIALIZED_AUTOS = YES_AGGRESSIVE;
				GCC_WARN_UNUSED_FUNCTION = YES;
				GCC_WARN_UNUSED_VARIABLE = YES;
				IPHONEOS_DEPLOYMENT_TARGET = 9.3;
				MTL_ENABLE_DEBUG_INFO = YES;
				ONLY_ACTIVE_ARCH = YES;
				SDKROOT = iphoneos;
				SWIFT_OPTIMIZATION_LEVEL = "-Onone";
			};
			name = Debug;
		};
		4589453E1D77131D007FC40A /* Release */ = {
			isa = XCBuildConfiguration;
			buildSettings = {
				ALWAYS_SEARCH_USER_PATHS = NO;
				CLANG_ANALYZER_NONNULL = YES;
				CLANG_CXX_LANGUAGE_STANDARD = "gnu++0x";
				CLANG_CXX_LIBRARY = "libc++";
				CLANG_ENABLE_MODULES = YES;
				CLANG_ENABLE_OBJC_ARC = YES;
				CLANG_WARN_BOOL_CONVERSION = YES;
				CLANG_WARN_CONSTANT_CONVERSION = YES;
				CLANG_WARN_DIRECT_OBJC_ISA_USAGE = YES_ERROR;
				CLANG_WARN_EMPTY_BODY = YES;
				CLANG_WARN_ENUM_CONVERSION = YES;
				CLANG_WARN_INT_CONVERSION = YES;
				CLANG_WARN_OBJC_ROOT_CLASS = YES_ERROR;
				CLANG_WARN_UNREACHABLE_CODE = YES;
				CLANG_WARN__DUPLICATE_METHOD_MATCH = YES;
				"CODE_SIGN_IDENTITY[sdk=iphoneos*]" = "iPhone Developer";
				COPY_PHASE_STRIP = NO;
				DEBUG_INFORMATION_FORMAT = "dwarf-with-dsym";
				ENABLE_NS_ASSERTIONS = NO;
				ENABLE_STRICT_OBJC_MSGSEND = YES;
				GCC_C_LANGUAGE_STANDARD = gnu99;
				GCC_NO_COMMON_BLOCKS = YES;
				GCC_WARN_64_TO_32_BIT_CONVERSION = YES;
				GCC_WARN_ABOUT_RETURN_TYPE = YES_ERROR;
				GCC_WARN_UNDECLARED_SELECTOR = YES;
				GCC_WARN_UNINITIALIZED_AUTOS = YES_AGGRESSIVE;
				GCC_WARN_UNUSED_FUNCTION = YES;
				GCC_WARN_UNUSED_VARIABLE = YES;
				IPHONEOS_DEPLOYMENT_TARGET = 9.3;
				MTL_ENABLE_DEBUG_INFO = NO;
				SDKROOT = iphoneos;
				VALIDATE_PRODUCT = YES;
			};
			name = Release;
		};
		458945401D77131D007FC40A /* Debug */ = {
			isa = XCBuildConfiguration;
			buildSettings = {
				ASSETCATALOG_COMPILER_APPICON_NAME = AppIcon;
				INFOPLIST_FILE = "websocket-sample/Info.plist";
				LD_RUNPATH_SEARCH_PATHS = "$(inherited) @executable_path/Frameworks";
				PRODUCT_BUNDLE_IDENTIFIER = "org.tofu-kun.websocket-sample";
				PRODUCT_NAME = "$(TARGET_NAME)";
			};
			name = Debug;
		};
		458945411D77131D007FC40A /* Release */ = {
			isa = XCBuildConfiguration;
			buildSettings = {
				ASSETCATALOG_COMPILER_APPICON_NAME = AppIcon;
				INFOPLIST_FILE = "websocket-sample/Info.plist";
				LD_RUNPATH_SEARCH_PATHS = "$(inherited) @executable_path/Frameworks";
				PRODUCT_BUNDLE_IDENTIFIER = "org.tofu-kun.websocket-sample";
				PRODUCT_NAME = "$(TARGET_NAME)";
			};
			name = Release;
		};
/* End XCBuildConfiguration section */

/* Begin XCConfigurationList section */
		458945281D77131D007FC40A /* Build configuration list for PBXProject "websocket-sample" */ = {
			isa = XCConfigurationList;
			buildConfigurations = (
				4589453D1D77131D007FC40A /* Debug */,
				4589453E1D77131D007FC40A /* Release */,
			);
			defaultConfigurationIsVisible = 0;
			defaultConfigurationName = Release;
		};
		4589453F1D77131D007FC40A /* Build configuration list for PBXNativeTarget "websocket-sample" */ = {
			isa = XCConfigurationList;
			buildConfigurations = (
				458945401D77131D007FC40A /* Debug */,
				458945411D77131D007FC40A /* Release */,
			);
			defaultConfigurationIsVisible = 0;
		};
/* End XCConfigurationList section */
	};
	rootObject = 458945251D77131D007FC40A /* Project object */;
}
